bitbucket.org/zextras/service-discover v0.0.0-20210127130406-2da1389a2a40 h1:NNXqa3WfpX8OxncQyNHlAknuTTqYMXtwnkdS2S53aaU=
bitbucket.org/zextras/service-discover v0.0.0-20210204102659-77e640e6c7a6 h1:CJ4g8xJ7iUy+ljGWPbHVLE+/O11VKTUcn0CmSq7rNo0=
bitbucket.org/zextras/service-discover v0.0.0-20210205112328-4bc21a429e9d h1:7Iqs4lor6qw4PUrIoKJtL+R58ghGy0Ys73cmx7+0foc=
bitbucket.org/zextras/service-discover/cli v0.0.0-20210127130406-2da1389a2a40 h1:0hWTYlRQzYIAmbx2TVSxDfQTDCnX0fmh/LSB+xJ64As=
bitbucket.org/zextras/service-discover/cli v0.0.0-20210204102659-77e640e6c7a6 h1:e/1fRMyOOgrtsvR/wDFf/+QSqZvxgK4Hx2on2SuzBHw=
bitbucket.org/zextras/service-discover/cli v0.0.0-20210205112328-4bc21a429e9d h1:EDRUMpkQ9+l7j6SUGAomaJQr3Yr2klgRoEdldkaOUEs=
bitbucket.org/zextras/service-discover/cli/lib v0.0.0-20210127130406-2da1389a2a40 h1:2tneQCbAuWqBQWQ7BjnNgc1OaVFq7NJ42jEL0rvhIjI=
bitbucket.org/zextras/service-discover/cli/lib v0.0.0-20210204102659-77e640e6c7a6 h1:di5jklBY8/QEB0QGOKwQPTXzThbqpOUudWmFNzbBxhU=
bitbucket.org/zextras/service-discover/cli/lib v0.0.0-20210205112328-4bc21a429e9d h1:4xEfY8GjDwgAXP/VYWOlEeKVA4X727vkZYaH/hRzdhE=
bitbucket.org/zextras/service-discover/cli/lib/command v0.0.0-20210205112328-4bc21a429e9d h1:Jnse56f+3jVrZ8pKjvkuVWcg3TGbsSd/lZQoGSsaV/w=
bitbucket.org/zextras/service-discover/cli/lib/command v0.0.0-20210205112328-4bc21a429e9d/go.mod h1:3SwPcujIKNlosEcS4DoS6eoBzXqQf0mlu5t2HK22mTg=
bitbucket.org/zextras/service-discover/cli/lib/formatter v0.0.0-20210127130406-2da1389a2a40 h1:BndoLfkpTL6YnGF6C5tNjauRgAcEYY9OddhbXxwSyAw=
bitbucket.org/zextras/service-discover/cli/lib/formatter v0.0.0-20210127130406-2da1389a2a40/go.mod h1:moGbyhN3eg3e5E8zPEZdSp1Y7emz9vexCkXMEzHSMsc=
bitbucket.org/zextras/service-discover/cli/lib/parser v0.0.0-20210127130406-2da1389a2a40 h1:1ot6zJcVGfifhVg3V6bBi+3DY+rDpCXXuCHDGBDr1js=
bitbucket.org/zextras/service-discover/cli/lib/parser v0.0.0-20210127130406-2da1389a2a40/go.mod h1:F9xcS+yTm8JxoLYr22yrdZR2Ac92uTCLEsAxRPcGc4Y=
github.com/alecthomas/kong v0.2.12 h1:X3kkCOXGUNzLmiu+nQtoxWqj4U2a39MpSJR3QdQXOwI=
github.com/alecthomas/kong v0.2.12/go.mod h1:kQOmtJgV+Lb4aj+I2LEn40cbtawdWJ9Y8QLq+lElKxE=
github.com/davecgh/go-spew v1.1.0/go.mod h1:J7Y8YcW2NihsgmVo/mv3lAwl/skON4iLHjSsI+c5H38=
github.com/davecgh/go-spew v1.1.1/go.mod h1:J7Y8YcW2NihsgmVo/mv3lAwl/skON4iLHjSsI+c5H38=
github.com/pkg/errors v0.8.1/go.mod h1:bwawxfHBFNV+L2hUp1rHADufV3IMtnDRdf1r5NINEl0=
github.com/pkg/errors v0.9.1 h1:FEBLx1zS214owpjy7qsBeixbURkuhQAwrK5UwLGTwt4=
github.com/pkg/errors v0.9.1/go.mod h1:bwawxfHBFNV+L2hUp1rHADufV3IMtnDRdf1r5NINEl0=
github.com/pmezard/go-difflib v1.0.0/go.mod h1:iKH77koFhYxTK1pcRnkKkqfTogsbg7gZNVY4sRDYZ/4=
github.com/stretchr/objx v0.1.0/go.mod h1:HFkY916IF+rwdDfMAkV7OtwuqBVzrE8GR6GFx+wExME=
github.com/stretchr/testify v1.2.2/go.mod h1:a8OnRcib4nhh0OaRAV+Yts87kKdq0PP7pXfy6kDkUVs=
github.com/stretchr/testify v1.7.0/go.mod h1:6Fq8oRcR53rry900zMqJjRRixrwX3KX962/h/Wwjteg=
gopkg.in/check.v1 v0.0.0-20161208181325-20d25e280405/go.mod h1:Co6ibVJAznAaIkqp8huTwlJQCZ016jof/cbN4VW5Yz0=
gopkg.in/yaml.v3 v3.0.0-20200313102051-9f266ea9e77c/go.mod h1:K4uyk7z7BCEPqu6E+C64Yfv1cQ7kz7rIZviUmN+EgEM=
