bitbucket.org/zextras/service-discover v0.0.0-20210121111059-4c7c0f25f884 h1:1uW3JmXyjgdwCUeWGnyqSwP8lULKyQ8+XnvRDhhOJW4=
bitbucket.org/zextras/service-discover v0.0.0-20210125152838-c95ec79279dd h1:f2lpbV+phHp5KNlO6nH1Ji0ZFxXS7kcmjRpqhAHRGHc=
bitbucket.org/zextras/service-discover v0.0.0-20210127130406-2da1389a2a40 h1:NNXqa3WfpX8OxncQyNHlAknuTTqYMXtwnkdS2S53aaU=
bitbucket.org/zextras/service-discover v0.0.0-20210204113848-b3928b26b5d3 h1:2GWcGAomVQTXZIjzhsREyjeFulWia4y7zWCHkWa/UpE=
bitbucket.org/zextras/service-discover/cli v0.0.0-20210125152838-c95ec79279dd h1:09sMczi0IFZXyLiuByOPVu0/qdX5CUDVmeJrAblN7e8=
bitbucket.org/zextras/service-discover/cli v0.0.0-20210127130406-2da1389a2a40 h1:0hWTYlRQzYIAmbx2TVSxDfQTDCnX0fmh/LSB+xJ64As=
bitbucket.org/zextras/service-discover/cli v0.0.0-20210204113848-b3928b26b5d3 h1:8zeQ0Ks4Zw4MsZIRA4mgAAPvhis8viGkjbh4NMi5npE=
bitbucket.org/zextras/service-discover/cli/lib v0.0.0-20210125152838-c95ec79279dd h1:hAkocBSWeD2oZPqsJr+i56/8A1VV6I6CQOutPKI9NRw=
bitbucket.org/zextras/service-discover/cli/lib v0.0.0-20210127130406-2da1389a2a40 h1:2tneQCbAuWqBQWQ7BjnNgc1OaVFq7NJ42jEL0rvhIjI=
bitbucket.org/zextras/service-discover/cli/lib v0.0.0-20210204113848-b3928b26b5d3 h1:xAzRwpwWPnijp5nUHQwvunIjwCqx+G8AloItgKNAzHw=
bitbucket.org/zextras/service-discover/cli/lib/command v0.0.0-20210204113848-b3928b26b5d3 h1:udDtGs2Vk2BGY/JJ75C0OrqHlXOYGYtV4q1rNbGRRgU=
bitbucket.org/zextras/service-discover/cli/lib/command v0.0.0-20210204113848-b3928b26b5d3/go.mod h1:3SwPcujIKNlosEcS4DoS6eoBzXqQf0mlu5t2HK22mTg=
bitbucket.org/zextras/service-discover/cli/lib/command v0.0.0-20210204115628-835d79372270 h1:XuLwp/IolZCNu63wicY49JqRGaGy92BjnVry7qw+/Dk=
bitbucket.org/zextras/service-discover/cli/lib/command v0.0.0-20210204115628-835d79372270/go.mod h1:3SwPcujIKNlosEcS4DoS6eoBzXqQf0mlu5t2HK22mTg=
bitbucket.org/zextras/service-discover/cli/lib/command v0.0.0-20210204164552-35d80734906f h1:QLM7S0fcPvl/UXgC2QB2wI3TfdVMX+0BoVQq/kLAfqw=
bitbucket.org/zextras/service-discover/cli/lib/command v0.0.0-20210204164552-35d80734906f/go.mod h1:3SwPcujIKNlosEcS4DoS6eoBzXqQf0mlu5t2HK22mTg=
bitbucket.org/zextras/service-discover/cli/lib/command v0.0.0-20210205104256-6c957bfd2579 h1:dRwLNulAswY6ieFo42iLUfcxTc6LXI6oh5CjpWRGu8c=
bitbucket.org/zextras/service-discover/cli/lib/command v0.0.0-20210205104256-6c957bfd2579/go.mod h1:3SwPcujIKNlosEcS4DoS6eoBzXqQf0mlu5t2HK22mTg=
bitbucket.org/zextras/service-discover/cli/lib/command v0.0.0-20210205110128-c8555657149f h1:u5Y758XVuwZLmGOipKOPtpmXhnzSMvTyL8HsN5x0ing=
bitbucket.org/zextras/service-discover/cli/lib/command v0.0.0-20210205110128-c8555657149f/go.mod h1:3SwPcujIKNlosEcS4DoS6eoBzXqQf0mlu5t2HK22mTg=
bitbucket.org/zextras/service-discover/cli/lib/command v0.0.0-20210205110451-6ad68546336b h1:26jnosKPtczHTGTi6CUnVXmePJTk6od7bwsOUBV6gfQ=
bitbucket.org/zextras/service-discover/cli/lib/command v0.0.0-20210205110451-6ad68546336b/go.mod h1:3SwPcujIKNlosEcS4DoS6eoBzXqQf0mlu5t2HK22mTg=
bitbucket.org/zextras/service-discover/cli/lib/command v0.0.0-20210205110912-86ac6c395e97 h1:G62NyFGuHfqQl7fyT/PxJxFVQ41HThpQTQTtnNMxvhg=
bitbucket.org/zextras/service-discover/cli/lib/command v0.0.0-20210205110912-86ac6c395e97/go.mod h1:3SwPcujIKNlosEcS4DoS6eoBzXqQf0mlu5t2HK22mTg=
bitbucket.org/zextras/service-discover/cli/lib/command v0.0.0-20210205112328-4bc21a429e9d h1:Jnse56f+3jVrZ8pKjvkuVWcg3TGbsSd/lZQoGSsaV/w=
bitbucket.org/zextras/service-discover/cli/lib/command v0.0.0-20210205112328-4bc21a429e9d/go.mod h1:3SwPcujIKNlosEcS4DoS6eoBzXqQf0mlu5t2HK22mTg=
bitbucket.org/zextras/service-discover/cli/lib/command v0.0.0-20210216162151-6cf5f6d1aa51 h1:dqCnfC7RcqRO3AaLSxRM432g7gNOT48MBZ60LjV+2IM=
bitbucket.org/zextras/service-discover/cli/lib/command v0.0.0-20210216162151-6cf5f6d1aa51/go.mod h1:E9CzKtcc5DRDCvja8+yRMrzKpDTyiiFgta2s4tGrPOA=
bitbucket.org/zextras/service-discover/cli/lib/formatter v0.0.0-20210127130406-2da1389a2a40 h1:BndoLfkpTL6YnGF6C5tNjauRgAcEYY9OddhbXxwSyAw=
bitbucket.org/zextras/service-discover/cli/lib/formatter v0.0.0-20210127130406-2da1389a2a40/go.mod h1:moGbyhN3eg3e5E8zPEZdSp1Y7emz9vexCkXMEzHSMsc=
bitbucket.org/zextras/service-discover/cli/lib/formatter v0.0.0-20210216162151-6cf5f6d1aa51 h1:o/AWK5x1SWMrq0SaZMMbMhiL2YWq9UV/vhG26Js4ptA=
bitbucket.org/zextras/service-discover/cli/lib/formatter v0.0.0-20210216162151-6cf5f6d1aa51/go.mod h1:moGbyhN3eg3e5E8zPEZdSp1Y7emz9vexCkXMEzHSMsc=
bitbucket.org/zextras/service-discover/cli/lib/parser v0.0.0-20210125152838-c95ec79279dd h1:2eAHsnHyPSuIJkAzj3MTl9JBP6XEIjAZgcWExsPV4pY=
bitbucket.org/zextras/service-discover/cli/lib/parser v0.0.0-20210125152838-c95ec79279dd/go.mod h1:F9xcS+yTm8JxoLYr22yrdZR2Ac92uTCLEsAxRPcGc4Y=
bitbucket.org/zextras/service-discover/cli/lib/parser v0.0.0-20210127130406-2da1389a2a40 h1:1ot6zJcVGfifhVg3V6bBi+3DY+rDpCXXuCHDGBDr1js=
bitbucket.org/zextras/service-discover/cli/lib/parser v0.0.0-20210127130406-2da1389a2a40/go.mod h1:F9xcS+yTm8JxoLYr22yrdZR2Ac92uTCLEsAxRPcGc4Y=
bitbucket.org/zextras/service-discover/cli/lib/parser v0.0.0-20210216162151-6cf5f6d1aa51 h1:15lR4zL7g66cwmgadTm39yeQwZesaccNxULxIY0iWSw=
bitbucket.org/zextras/service-discover/cli/lib/parser v0.0.0-20210216162151-6cf5f6d1aa51/go.mod h1:F9xcS+yTm8JxoLYr22yrdZR2Ac92uTCLEsAxRPcGc4Y=
github.com/alecthomas/kong v0.2.12 h1:X3kkCOXGUNzLmiu+nQtoxWqj4U2a39MpSJR3QdQXOwI=
github.com/alecthomas/kong v0.2.12/go.mod h1:kQOmtJgV+Lb4aj+I2LEn40cbtawdWJ9Y8QLq+lElKxE=
github.com/davecgh/go-spew v1.1.0/go.mod h1:J7Y8YcW2NihsgmVo/mv3lAwl/skON4iLHjSsI+c5H38=
github.com/davecgh/go-spew v1.1.1 h1:vj9j/u1bqnvCEfJOwUhtlOARqs3+rkHYY13jYWTU97c=
github.com/davecgh/go-spew v1.1.1/go.mod h1:J7Y8YcW2NihsgmVo/mv3lAwl/skON4iLHjSsI+c5H38=
github.com/pkg/errors v0.8.1 h1:iURUrRGxPUNPdy5/HRSm+Yj6okJ6UtLINN0Q9M4+h3I=
github.com/pkg/errors v0.8.1/go.mod h1:bwawxfHBFNV+L2hUp1rHADufV3IMtnDRdf1r5NINEl0=
github.com/pkg/errors v0.9.1 h1:FEBLx1zS214owpjy7qsBeixbURkuhQAwrK5UwLGTwt4=
github.com/pkg/errors v0.9.1/go.mod h1:bwawxfHBFNV+L2hUp1rHADufV3IMtnDRdf1r5NINEl0=
github.com/pmezard/go-difflib v1.0.0 h1:4DBwDE0NGyQoBHbLQYPwSUPoCMWR5BEzIk/f1lZbAQM=
github.com/pmezard/go-difflib v1.0.0/go.mod h1:iKH77koFhYxTK1pcRnkKkqfTogsbg7gZNVY4sRDYZ/4=
github.com/stretchr/objx v0.1.0/go.mod h1:HFkY916IF+rwdDfMAkV7OtwuqBVzrE8GR6GFx+wExME=
github.com/stretchr/testify v1.2.2 h1:bSDNvY7ZPG5RlJ8otE/7V6gMiyenm9RtJ7IUVIAoJ1w=
github.com/stretchr/testify v1.2.2/go.mod h1:a8OnRcib4nhh0OaRAV+Yts87kKdq0PP7pXfy6kDkUVs=
github.com/stretchr/testify v1.7.0 h1:nwc3DEeHmmLAfoZucVR881uASk0Mfjw8xYJ99tb5CcY=
github.com/stretchr/testify v1.7.0/go.mod h1:6Fq8oRcR53rry900zMqJjRRixrwX3KX962/h/Wwjteg=
gopkg.in/check.v1 v0.0.0-20161208181325-20d25e280405/go.mod h1:Co6ibVJAznAaIkqp8huTwlJQCZ016jof/cbN4VW5Yz0=
gopkg.in/yaml.v3 v3.0.0-20200313102051-9f266ea9e77c h1:dUUwHk2QECo/6vqA44rthZ8ie2QXMNeKRTHCNY2nXvo=
gopkg.in/yaml.v3 v3.0.0-20200313102051-9f266ea9e77c/go.mod h1:K4uyk7z7BCEPqu6E+C64Yfv1cQ7kz7rIZviUmN+EgEM=
